
Microsoft Visual Studio Solution File, Format Version 12.00
# Visual Studio Version 17
VisualStudioVersion = 17.7.34018.315
MinimumVisualStudioVersion = 10.0.40219.1
Project("{FAE04EC0-301F-11D3-BF4B-00C04F79EFBC}") = "BotlyOrbit", "BotlyOrbit.csproj", "{ED4D8F43-07C3-4715-8194-593EB00EF9D3}"
EndProject
Global
	GlobalSection(SolutionConfigurationPlatforms) = preSolution
		Debug|Any CPU = Debug|Any CPU
		Debug|x64 = Debug|x64
		Release|Any CPU = Release|Any CPU
		Release|x64 = Release|x64
	EndGlobalSection
	GlobalSection(ProjectConfigurationPlatforms) = postSolution
		{ED4D8F43-07C3-4715-8194-593EB00EF9D3}.Debug|Any CPU.ActiveCfg = Debug|Any CPU
		{ED4D8F43-07C3-4715-8194-593EB00EF9D3}.Debug|Any CPU.Build.0 = Debug|Any CPU
		{ED4D8F43-07C3-4715-8194-593EB00EF9D3}.Debug|x64.ActiveCfg = Debug|x64
		{ED4D8F43-07C3-4715-8194-593EB00EF9D3}.Debug|x64.Build.0 = Debug|x64
		{ED4D8F43-07C3-4715-8194-593EB00EF9D3}.Release|Any CPU.ActiveCfg = Release|Any CPU
		{ED4D8F43-07C3-4715-8194-593EB00EF9D3}.Release|Any CPU.Build.0 = Release|Any CPU
		{ED4D8F43-07C3-4715-8194-593EB00EF9D3}.Release|x64.ActiveCfg = Release|x64
		{ED4D8F43-07C3-4715-8194-593EB00EF9D3}.Release|x64.Build.0 = Release|x64
	EndGlobalSection
	GlobalSection(SolutionProperties) = preSolution
		HideSolutionNode = FALSE
	EndGlobalSection
	GlobalSection(ExtensibilityGlobals) = postSolution
		SolutionGuid = {21AFF6A2-9817-4FFD-ACFB-A1E8EC25E0B1}
	EndGlobalSection
EndGlobal
